
Microsoft Visual Studio Solution File, Format Version 12.00
# Visual Studio 15
VisualStudioVersion = 15.0.27130.2020
MinimumVisualStudioVersion = 10.0.40219.1
Project("{FAE04EC0-301F-11D3-BF4B-00C04F79EFBC}") = "MvpLab", "MvpLab\MvpLab.csproj", "{9F8EB45E-8F5B-47C5-8427-CDAE48C691F1}"
EndProject
Project("{FAE04EC0-301F-11D3-BF4B-00C04F79EFBC}") = "MvpLab.Tests", "MvpLab.Tests\MvpLab.Tests.csproj", "{C3002827-81DE-47D1-B291-0BEE5D4FEBE7}"
EndProject
Global
	GlobalSection(SolutionConfigurationPlatforms) = preSolution
		Debug|Any CPU = Debug|Any CPU
		Release|Any CPU = Release|Any CPU
	EndGlobalSection
	GlobalSection(ProjectConfigurationPlatforms) = postSolution
		{9F8EB45E-8F5B-47C5-8427-CDAE48C691F1}.Debug|Any CPU.ActiveCfg = Debug|Any CPU
		{9F8EB45E-8F5B-47C5-8427-CDAE48C691F1}.Debug|Any CPU.Build.0 = Debug|Any CPU
		{9F8EB45E-8F5B-47C5-8427-CDAE48C691F1}.Release|Any CPU.ActiveCfg = Release|Any CPU
		{9F8EB45E-8F5B-47C5-8427-CDAE48C691F1}.Release|Any CPU.Build.0 = Release|Any CPU
		{C3002827-81DE-47D1-B291-0BEE5D4FEBE7}.Debug|Any CPU.ActiveCfg = Debug|Any CPU
		{C3002827-81DE-47D1-B291-0BEE5D4FEBE7}.Debug|Any CPU.Build.0 = Debug|Any CPU
		{C3002827-81DE-47D1-B291-0BEE5D4FEBE7}.Release|Any CPU.ActiveCfg = Release|Any CPU
		{C3002827-81DE-47D1-B291-0BEE5D4FEBE7}.Release|Any CPU.Build.0 = Release|Any CPU
	EndGlobalSection
	GlobalSection(SolutionProperties) = preSolution
		HideSolutionNode = FALSE
	EndGlobalSection
	GlobalSection(ExtensibilityGlobals) = postSolution
		SolutionGuid = {4FCD310B-BCDB-459D-B216-9D9C85FAF00B}
	EndGlobalSection
EndGlobal
